{
  "version": "3",
  "packages": {
    "specifiers": {
      "jsr:@hono/hono@^4.5.6": "jsr:@hono/hono@4.5.6"
    },
    "jsr": {
      "@hono/hono@4.5.6": {
        "integrity": "6b156968a5f34e97aa96a530ae67740190c1f8a045855342ce289cc5e9ce0a54"
      }
    }
  },
  "remote": {},
  "workspace": {
    "dependencies": [
      "jsr:@hono/hono@^4.5.6"
    ]
  }
}
